
Microsoft Visual Studio Solution File, Format Version 12.00
# Visual Studio 15
VisualStudioVersion = 15.0.28307.329
MinimumVisualStudioVersion = 10.0.40219.1
Project("{9A19103F-16F7-4668-BE54-9A1E7A4F7556}") = "WasabiPasswordFinder", "WasabiPasswordFinder.csproj", "{4E15B77F-C94B-4BAF-B317-06889E088D3C}"
EndProject
Project("{2150E333-8FDC-42A3-9474-1A3956D46DE8}") = "Solution Items", "Solution Items", "{BE1B5823-67D3-4042-8BEA-03E3311F78DD}"
	ProjectSection(SolutionItems) = preProject
		README.md = README.md
	EndProjectSection
EndProject
Global
	GlobalSection(SolutionConfigurationPlatforms) = preSolution
		Debug|Any CPU = Debug|Any CPU
		Release|Any CPU = Release|Any CPU
	EndGlobalSection
	GlobalSection(ProjectConfigurationPlatforms) = postSolution
		{4E15B77F-C94B-4BAF-B317-06889E088D3C}.Debug|Any CPU.ActiveCfg = Debug|Any CPU
		{4E15B77F-C94B-4BAF-B317-06889E088D3C}.Debug|Any CPU.Build.0 = Debug|Any CPU
		{4E15B77F-C94B-4BAF-B317-06889E088D3C}.Release|Any CPU.ActiveCfg = Release|Any CPU
		{4E15B77F-C94B-4BAF-B317-06889E088D3C}.Release|Any CPU.Build.0 = Release|Any CPU
	EndGlobalSection
	GlobalSection(SolutionProperties) = preSolution
		HideSolutionNode = FALSE
	EndGlobalSection
	GlobalSection(ExtensibilityGlobals) = postSolution
		SolutionGuid = {ACA0A4F0-ACDF-4F4D-87EA-070BF6DA36BD}
	EndGlobalSection
EndGlobal
